# THIS IS AN AUTOGENERATED FILE. DO NOT EDIT THIS FILE DIRECTLY.
# yarn lockfile v1


"@yarnpkg/lockfile@^1.0.0":
  version "1.0.0"
  resolved "https://registry.yarnpkg.com/@yarnpkg/lockfile/-/lockfile-1.0.0.tgz#33d1dbb659a23b81f87f048762b35a446172add3"

builtins@^1.0.3:
  version "1.0.3"
  resolved "https://registry.yarnpkg.com/builtins/-/builtins-1.0.3.tgz#cb94faeb61c8696451db36534e1422f94f0aee88"

hosted-git-info@^2.5.0:
  version "2.5.0"
  resolved "https://registry.yarnpkg.com/hosted-git-info/-/hosted-git-info-2.5.0.tgz#6d60e34b3abbc8313062c3b798ef8d901a07af3c"

lru-cache@^6.0.0:
  version "6.0.0"
  resolved "https://registry.yarnpkg.com/lru-cache/-/lru-cache-6.0.0.tgz#6d6fe6570ebd96aaf90fcad1dafa3b2566db3a94"
  dependencies:
    yallist "^4.0.0"

npm-package-arg@^6.0.0:
  version "6.0.0"
  resolved "https://registry.yarnpkg.com/npm-package-arg/-/npm-package-arg-6.0.0.tgz#8cce04b49d3f9faec3f56b0fe5f4391aeb9d2fac"
  dependencies:
    hosted-git-info "^2.5.0"
    osenv "^0.1.4"
    semver "^5.4.1"
    validate-npm-package-name "^3.0.0"

os-homedir@^1.0.0:
  version "1.0.2"
  resolved "https://registry.yarnpkg.com/os-homedir/-/os-homedir-1.0.2.tgz#ffbc4988336e0e833de0c168c7ef152121aa7fb3"

os-tmpdir@^1.0.0:
  version "1.0.2"
  resolved "https://registry.yarnpkg.com/os-tmpdir/-/os-tmpdir-1.0.2.tgz#bbe67406c79aa85c5cfec766fe5734555dfa1274"

osenv@^0.1.4:
  version "0.1.4"
  resolved "https://registry.yarnpkg.com/osenv/-/osenv-0.1.4.tgz#42fe6d5953df06c8064be6f176c3d05aaaa34644"
  dependencies:
    os-homedir "^1.0.0"
    os-tmpdir "^1.0.0"

semver@^5.4.1:
  version "5.5.0"
  resolved "https://registry.yarnpkg.com/semver/-/semver-5.5.0.tgz#dc4bbc7a6ca9d916dee5d43516f0092b58f7b8ab"

semver@^7.5.2:
  version "7.5.2"
  resolved "https://registry.yarnpkg.com/semver/-/semver-7.5.2.tgz#5b851e66d1be07c1cdaf37dfc856f543325a2beb"
  dependencies:
    lru-cache "^6.0.0"

validate-npm-package-name@^3.0.0:
  version "3.0.0"
  resolved "https://registry.yarnpkg.com/validate-npm-package-name/-/validate-npm-package-name-3.0.0.tgz#5fa912d81eb7d0c74afc140de7317f0ca7df437e"
  dependencies:
    builtins "^1.0.3"

yallist@^4.0.0:
  version "4.0.0"
  resolved "https://registry.yarnpkg.com/yallist/-/yallist-4.0.0.tgz#9bb92790d9c0effec63be73519e11a35019a3a72"
